
Microsoft Visual Studio Solution File, Format Version 12.00
# Visual Studio Version 16
VisualStudioVersion = 16.0.30711.63
MinimumVisualStudioVersion = 10.0.40219.1
Project("{FAE04EC0-301F-11D3-BF4B-00C04F79EFBC}") = "WSServer", "WSServer.csproj", "{5020BD75-CA46-4C80-95DE-AF14FB612BF4}"
EndProject
Project("{FAE04EC0-301F-11D3-BF4B-00C04F79EFBC}") = "BetfairProxy", "..\betfairproxy\BetfairProxy.csproj", "{72188CC6-1F1A-4A50-BF54-4D33D6989FB4}"
EndProject
Project("{FAE04EC0-301F-11D3-BF4B-00C04F79EFBC}") = "SpreadTrader", "..\spreadbetting\SpreadTrader.csproj", "{47828AB3-3257-4E1A-9173-0F534F48831B}"
EndProject
Global
	GlobalSection(SolutionConfigurationPlatforms) = preSolution
		Debug|Any CPU = Debug|Any CPU
		Debug|x64 = Debug|x64
		Debug|x86 = Debug|x86
		Release|Any CPU = Release|Any CPU
		Release|x64 = Release|x64
		Release|x86 = Release|x86
	EndGlobalSection
	GlobalSection(ProjectConfigurationPlatforms) = postSolution
		{5020BD75-CA46-4C80-95DE-AF14FB612BF4}.Debug|Any CPU.ActiveCfg = Debug|Any CPU
		{5020BD75-CA46-4C80-95DE-AF14FB612BF4}.Debug|Any CPU.Build.0 = Debug|Any CPU
		{5020BD75-CA46-4C80-95DE-AF14FB612BF4}.Debug|x64.ActiveCfg = Debug|Any CPU
		{5020BD75-CA46-4C80-95DE-AF14FB612BF4}.Debug|x64.Build.0 = Debug|Any CPU
		{5020BD75-CA46-4C80-95DE-AF14FB612BF4}.Debug|x86.ActiveCfg = Debug|Any CPU
		{5020BD75-CA46-4C80-95DE-AF14FB612BF4}.Debug|x86.Build.0 = Debug|Any CPU
		{5020BD75-CA46-4C80-95DE-AF14FB612BF4}.Release|Any CPU.ActiveCfg = Release|Any CPU
		{5020BD75-CA46-4C80-95DE-AF14FB612BF4}.Release|Any CPU.Build.0 = Release|Any CPU
		{5020BD75-CA46-4C80-95DE-AF14FB612BF4}.Release|x64.ActiveCfg = Release|Any CPU
		{5020BD75-CA46-4C80-95DE-AF14FB612BF4}.Release|x64.Build.0 = Release|Any CPU
		{5020BD75-CA46-4C80-95DE-AF14FB612BF4}.Release|x86.ActiveCfg = Release|Any CPU
		{5020BD75-CA46-4C80-95DE-AF14FB612BF4}.Release|x86.Build.0 = Release|Any CPU
		{72188CC6-1F1A-4A50-BF54-4D33D6989FB4}.Debug|Any CPU.ActiveCfg = Debug|Any CPU
		{72188CC6-1F1A-4A50-BF54-4D33D6989FB4}.Debug|Any CPU.Build.0 = Debug|Any CPU
		{72188CC6-1F1A-4A50-BF54-4D33D6989FB4}.Debug|x64.ActiveCfg = Debug|x64
		{72188CC6-1F1A-4A50-BF54-4D33D6989FB4}.Debug|x64.Build.0 = Debug|x64
		{72188CC6-1F1A-4A50-BF54-4D33D6989FB4}.Debug|x86.ActiveCfg = Debug|Any CPU
		{72188CC6-1F1A-4A50-BF54-4D33D6989FB4}.Debug|x86.Build.0 = Debug|Any CPU
		{72188CC6-1F1A-4A50-BF54-4D33D6989FB4}.Release|Any CPU.ActiveCfg = Release|Any CPU
		{72188CC6-1F1A-4A50-BF54-4D33D6989FB4}.Release|Any CPU.Build.0 = Release|Any CPU
		{72188CC6-1F1A-4A50-BF54-4D33D6989FB4}.Release|x64.ActiveCfg = Release|x64
		{72188CC6-1F1A-4A50-BF54-4D33D6989FB4}.Release|x64.Build.0 = Release|x64
		{72188CC6-1F1A-4A50-BF54-4D33D6989FB4}.Release|x86.ActiveCfg = Release|Any CPU
		{72188CC6-1F1A-4A50-BF54-4D33D6989FB4}.Release|x86.Build.0 = Release|Any CPU
		{47828AB3-3257-4E1A-9173-0F534F48831B}.Debug|Any CPU.ActiveCfg = Debug|Any CPU
		{47828AB3-3257-4E1A-9173-0F534F48831B}.Debug|Any CPU.Build.0 = Debug|Any CPU
		{47828AB3-3257-4E1A-9173-0F534F48831B}.Debug|x64.ActiveCfg = Debug|x64
		{47828AB3-3257-4E1A-9173-0F534F48831B}.Debug|x64.Build.0 = Debug|x64
		{47828AB3-3257-4E1A-9173-0F534F48831B}.Debug|x86.ActiveCfg = Debug|Win32
		{47828AB3-3257-4E1A-9173-0F534F48831B}.Debug|x86.Build.0 = Debug|Win32
		{47828AB3-3257-4E1A-9173-0F534F48831B}.Release|Any CPU.ActiveCfg = Release|Any CPU
		{47828AB3-3257-4E1A-9173-0F534F48831B}.Release|Any CPU.Build.0 = Release|Any CPU
		{47828AB3-3257-4E1A-9173-0F534F48831B}.Release|x64.ActiveCfg = Release|x64
		{47828AB3-3257-4E1A-9173-0F534F48831B}.Release|x64.Build.0 = Release|x64
		{47828AB3-3257-4E1A-9173-0F534F48831B}.Release|x86.ActiveCfg = Release|Win32
		{47828AB3-3257-4E1A-9173-0F534F48831B}.Release|x86.Build.0 = Release|Win32
	EndGlobalSection
	GlobalSection(SolutionProperties) = preSolution
		HideSolutionNode = FALSE
	EndGlobalSection
	GlobalSection(ExtensibilityGlobals) = postSolution
		SolutionGuid = {DDC43CC3-7BAE-4DDD-8444-4F897E38C799}
	EndGlobalSection
EndGlobal
